// !$*UTF8*$!
{
	archiveVersion = 1;
	classes = {
	};
	objectVersion = 50;
	objects = {

/* Begin PBXBuildFile section */
		250D0ABE23B5C1B6001E1935 /* AppDelegate.swift in Sources */ = {isa = PBXBuildFile; fileRef = 250D0ABD23B5C1B6001E1935 /* AppDelegate.swift */; };
		250D0AC023B5C1B6001E1935 /* art.scnassets in Resources */ = {isa = PBXBuildFile; fileRef = 250D0ABF23B5C1B6001E1935 /* art.scnassets */; };
		250D0AC223B5C1B6001E1935 /* ViewController.swift in Sources */ = {isa = PBXBuildFile; fileRef = 250D0AC123B5C1B6001E1935 /* ViewController.swift */; };
		250D0AC523B5C1B6001E1935 /* Main.storyboard in Resources */ = {isa = PBXBuildFile; fileRef = 250D0AC323B5C1B6001E1935 /* Main.storyboard */; };
		250D0AC723B5C1BA001E1935 /* Assets.xcassets in Resources */ = {isa = PBXBuildFile; fileRef = 250D0AC623B5C1BA001E1935 /* Assets.xcassets */; };
		250D0ACA23B5C1BA001E1935 /* LaunchScreen.storyboard in Resources */ = {isa = PBXBuildFile; fileRef = 250D0AC823B5C1BA001E1935 /* LaunchScreen.storyboard */; };
/* End PBXBuildFile section */

/* Begin PBXFileReference section */
		250D0ABA23B5C1B6001E1935 /* ARuler.app */ = {isa = PBXFileReference; explicitFileType = wrapper.application; includeInIndex = 0; path = ARuler.app; sourceTree = BUILT_PRODUCTS_DIR; };
		250D0ABD23B5C1B6001E1935 /* AppDelegate.swift */ = {isa = PBXFileReference; lastKnownFileType = sourcecode.swift; path = AppDelegate.swift; sourceTree = "<group>"; };
		250D0ABF23B5C1B6001E1935 /* art.scnassets */ = {isa = PBXFileReference; lastKnownFileType = wrapper.scnassets; path = art.scnassets; sourceTree = "<group>"; };
		250D0AC123B5C1B6001E1935 /* ViewController.swift */ = {isa = PBXFileReference; lastKnownFileType = sourcecode.swift; path = ViewController.swift; sourceTree = "<group>"; };
		250D0AC423B5C1B6001E1935 /* Base */ = {isa = PBXFileReference; lastKnownFileType = file.storyboard; name = Base; path = Base.lproj/Main.storyboard; sourceTree = "<group>"; };
		250D0AC623B5C1BA001E1935 /* Assets.xcassets */ = {isa = PBXFileReference; lastKnownFileType = folder.assetcatalog; path = Assets.xcassets; sourceTree = "<group>"; };
		250D0AC923B5C1BA001E1935 /* Base */ = {isa = PBXFileReference; lastKnownFileType = file.storyboard; name = Base; path = Base.lproj/LaunchScreen.storyboard; sourceTree = "<group>"; };
		250D0ACB23B5C1BA001E1935 /* Info.plist */ = {isa = PBXFileReference; lastKnownFileType = text.plist.xml; path = Info.plist; sourceTree = "<group>"; };
/* End PBXFileReference section */

/* Begin PBXFrameworksBuildPhase section */
		250D0AB723B5C1B6001E1935 /* Frameworks */ = {
			isa = PBXFrameworksBuildPhase;
			buildActionMask = 2147483647;
			files = (
			);
			runOnlyForDeploymentPostprocessing = 0;
		};
/* End PBXFrameworksBuildPhase section */

/* Begin PBXGroup section */
		250D0AB123B5C1B6001E1935 = {
			isa = PBXGroup;
			children = (
				250D0ABC23B5C1B6001E1935 /* ARuler */,
				250D0ABB23B5C1B6001E1935 /* Products */,
			);
			sourceTree = "<group>";
		};
		250D0ABB23B5C1B6001E1935 /* Products */ = {
			isa = PBXGroup;
			children = (
				250D0ABA23B5C1B6001E1935 /* ARuler.app */,
			);
			name = Products;
			sourceTree = "<group>";
		};
		250D0ABC23B5C1B6001E1935 /* ARuler */ = {
			isa = PBXGroup;
			children = (
				250D0ABD23B5C1B6001E1935 /* AppDelegate.swift */,
				250D0ABF23B5C1B6001E1935 /* art.scnassets */,
				250D0AC123B5C1B6001E1935 /* ViewController.swift */,
				250D0AC323B5C1B6001E1935 /* Main.storyboard */,
				250D0AC623B5C1BA001E1935 /* Assets.xcassets */,
				250D0AC823B5C1BA001E1935 /* LaunchScreen.storyboard */,
				250D0ACB23B5C1BA001E1935 /* Info.plist */,
			);
			path = ARuler;
			sourceTree = "<group>";
		};
/* End PBXGroup section */

/* Begin PBXNativeTarget section */
		250D0AB923B5C1B6001E1935 /* ARuler */ = {
			isa = PBXNativeTarget;
			buildConfigurationList = 250D0ACE23B5C1BA001E1935 /* Build configuration list for PBXNativeTarget "ARuler" */;
			buildPhases = (
				250D0AB623B5C1B6001E1935 /* Sources */,
				250D0AB723B5C1B6001E1935 /* Frameworks */,
				250D0AB823B5C1B6001E1935 /* Resources */,
			);
			buildRules = (
			);
			dependencies = (
			);
			name = ARuler;
			productName = ARuler;
			productReference = 250D0ABA23B5C1B6001E1935 /* ARuler.app */;
			productType = "com.apple.product-type.application";
		};
/* End PBXNativeTarget section */

/* Begin PBXProject section */
		250D0AB223B5C1B6001E1935 /* Project object */ = {
			isa = PBXProject;
			attributes = {
				LastSwiftUpdateCheck = 1130;
				LastUpgradeCheck = 1130;
				ORGANIZATIONNAME = Davron;
				TargetAttributes = {
					250D0AB923B5C1B6001E1935 = {
						CreatedOnToolsVersion = 11.3;
					};
				};
			};
			buildConfigurationList = 250D0AB523B5C1B6001E1935 /* Build configuration list for PBXProject "ARuler" */;
			compatibilityVersion = "Xcode 9.3";
			developmentRegion = en;
			hasScannedForEncodings = 0;
			knownRegions = (
				en,
				Base,
			);
			mainGroup = 250D0AB123B5C1B6001E1935;
			productRefGroup = 250D0ABB23B5C1B6001E1935 /* Products */;
			projectDirPath = "";
			projectRoot = "";
			targets = (
				250D0AB923B5C1B6001E1935 /* ARuler */,
			);
		};
/* End PBXProject section */

/* Begin PBXResourcesBuildPhase section */
		250D0AB823B5C1B6001E1935 /* Resources */ = {
			isa = PBXResourcesBuildPhase;
			buildActionMask = 2147483647;
			files = (
				250D0AC023B5C1B6001E1935 /* art.scnassets in Resources */,
				250D0ACA23B5C1BA001E1935 /* LaunchScreen.storyboard in Resources */,
				250D0AC723B5C1BA001E1935 /* Assets.xcassets in Resources */,
				250D0AC523B5C1B6001E1935 /* Main.storyboard in Resources */,
			);
			runOnlyForDeploymentPostprocessing = 0;
		};
/* End PBXResourcesBuildPhase section */

/* Begin PBXSourcesBuildPhase section */
		250D0AB623B5C1B6001E1935 /* Sources */ = {
			isa = PBXSourcesBuildPhase;
			buildActionMask = 2147483647;
			files = (
				250D0AC223B5C1B6001E1935 /* ViewController.swift in Sources */,
				250D0ABE23B5C1B6001E1935 /* AppDelegate.swift in Sources */,
			);
			runOnlyForDeploymentPostprocessing = 0;
		};
/* End PBXSourcesBuildPhase section */

/* Begin PBXVariantGroup section */
		250D0AC323B5C1B6001E1935 /* Main.storyboard */ = {
			isa = PBXVariantGroup;
			children = (
				250D0AC423B5C1B6001E1935 /* Base */,
			);
			name = Main.storyboard;
			sourceTree = "<group>";
		};
		250D0AC823B5C1BA001E1935 /* LaunchScreen.storyboard */ = {
			isa = PBXVariantGroup;
			children = (
				250D0AC923B5C1BA001E1935 /* Base */,
			);
			name = LaunchScreen.storyboard;
			sourceTree = "<group>";
		};
/* End PBXVariantGroup section */

/* Begin XCBuildConfiguration section */
		250D0ACC23B5C1BA001E1935 /* Debug */ = {
			isa = XCBuildConfiguration;
			buildSettings = {
				ALWAYS_SEARCH_USER_PATHS = NO;
				CLANG_ANALYZER_NONNULL = YES;
				CLANG_ANALYZER_NUMBER_OBJECT_CONVERSION = YES_AGGRESSIVE;
				CLANG_CXX_LANGUAGE_STANDARD = "gnu++14";
				CLANG_CXX_LIBRARY = "libc++";
				CLANG_ENABLE_MODULES = YES;
				CLANG_ENABLE_OBJC_ARC = YES;
				CLANG_ENABLE_OBJC_WEAK = YES;
				CLANG_WARN_BLOCK_CAPTURE_AUTORELEASING = YES;
				CLANG_WARN_BOOL_CONVERSION = YES;
				CLANG_WARN_COMMA = YES;
				CLANG_WARN_CONSTANT_CONVERSION = YES;
				CLANG_WARN_DEPRECATED_OBJC_IMPLEMENTATIONS = YES;
				CLANG_WARN_DIRECT_OBJC_ISA_USAGE = YES_ERROR;
				CLANG_WARN_DOCUMENTATION_COMMENTS = YES;
				CLANG_WARN_EMPTY_BODY = YES;
				CLANG_WARN_ENUM_CONVERSION = YES;
				CLANG_WARN_INFINITE_RECURSION = YES;
				CLANG_WARN_INT_CONVERSION = YES;
				CLANG_WARN_NON_LITERAL_NULL_CONVERSION = YES;
				CLANG_WARN_OBJC_IMPLICIT_RETAIN_SELF = YES;
				CLANG_WARN_OBJC_LITERAL_CONVERSION = YES;
				CLANG_WARN_OBJC_ROOT_CLASS = YES_ERROR;
				CLANG_WARN_RANGE_LOOP_ANALYSIS = YES;
				CLANG_WARN_STRICT_PROTOTYPES = YES;
				CLANG_WARN_SUSPICIOUS_MOVE = YES;
				CLANG_WARN_UNGUARDED_AVAILABILITY = YES_AGGRESSIVE;
				CLANG_WARN_UNREACHABLE_CODE = YES;
				CLANG_WARN__DUPLICATE_METHOD_MATCH = YES;
				COPY_PHASE_STRIP = NO;
				DEBUG_INFORMATION_FORMAT = dwarf;
				ENABLE_STRICT_OBJC_MSGSEND = YES;
				ENABLE_TESTABILITY = YES;
				GCC_C_LANGUAGE_STANDARD = gnu11;
				GCC_DYNAMIC_NO_PIC = NO;
				GCC_NO_COMMON_BLOCKS = YES;
				GCC_OPTIMIZATION_LEVEL = 0;
				GCC_PREPROCESSOR_DEFINITIONS = (
					"DEBUG=1",
					"$(inherited)",
				);
				GCC_WARN_64_TO_32_BIT_CONVERSION = YES;
				GCC_WARN_ABOUT_RETURN_TYPE = YES_ERROR;
				GCC_WARN_UNDECLARED_SELECTOR = YES;
				GCC_WARN_UNINITIALIZED_AUTOS = YES_AGGRESSIVE;
				GCC_WARN_UNUSED_FUNCTION = YES;
				GCC_WARN_UNUSED_VARIABLE = YES;
				IPHONEOS_DEPLOYMENT_TARGET = 13.2;
				MTL_ENABLE_DEBUG_INFO = INCLUDE_SOURCE;
				MTL_FAST_MATH = YES;
				ONLY_ACTIVE_ARCH = YES;
				SDKROOT = iphoneos;
				SWIFT_ACTIVE_COMPILATION_CONDITIONS = DEBUG;
				SWIFT_OPTIMIZATION_LEVEL = "-Onone";
			};
			name = Debug;
		};
		250D0ACD23B5C1BA001E1935 /* Release */ = {
			isa = XCBuildConfiguration;
			buildSettings = {
				ALWAYS_SEARCH_USER_PATHS = NO;
				CLANG_ANALYZER_NONNULL = YES;
				CLANG_ANALYZER_NUMBER_OBJECT_CONVERSION = YES_AGGRESSIVE;
				CLANG_CXX_LANGUAGE_STANDARD = "gnu++14";
				CLANG_CXX_LIBRARY = "libc++";
				CLANG_ENABLE_MODULES = YES;
				CLANG_ENABLE_OBJC_ARC = YES;
				CLANG_ENABLE_OBJC_WEAK = YES;
				CLANG_WARN_BLOCK_CAPTURE_AUTORELEASING = YES;
				CLANG_WARN_BOOL_CONVERSION = YES;
				CLANG_WARN_COMMA = YES;
				CLANG_WARN_CONSTANT_CONVERSION = YES;
				CLANG_WARN_DEPRECATED_OBJC_IMPLEMENTATIONS = YES;
				CLANG_WARN_DIRECT_OBJC_ISA_USAGE = YES_ERROR;
				CLANG_WARN_DOCUMENTATION_COMMENTS = YES;
				CLANG_WARN_EMPTY_BODY = YES;
				CLANG_WARN_ENUM_CONVERSION = YES;
				CLANG_WARN_INFINITE_RECURSION = YES;
				CLANG_WARN_INT_CONVERSION = YES;
				CLANG_WARN_NON_LITERAL_NULL_CONVERSION = YES;
				CLANG_WARN_OBJC_IMPLICIT_RETAIN_SELF = YES;
				CLANG_WARN_OBJC_LITERAL_CONVERSION = YES;
				CLANG_WARN_OBJC_ROOT_CLASS = YES_ERROR;
				CLANG_WARN_RANGE_LOOP_ANALYSIS = YES;
				CLANG_WARN_STRICT_PROTOTYPES = YES;
				CLANG_WARN_SUSPICIOUS_MOVE = YES;
				CLANG_WARN_UNGUARDED_AVAILABILITY = YES_AGGRESSIVE;
				CLANG_WARN_UNREACHABLE_CODE = YES;
				CLANG_WARN__DUPLICATE_METHOD_MATCH = YES;
				COPY_PHASE_STRIP = NO;
				DEBUG_INFORMATION_FORMAT = "dwarf-with-dsym";
				ENABLE_NS_ASSERTIONS = NO;
				ENABLE_STRICT_OBJC_MSGSEND = YES;
				GCC_C_LANGUAGE_STANDARD = gnu11;
				GCC_NO_COMMON_BLOCKS = YES;
				GCC_WARN_64_TO_32_BIT_CONVERSION = YES;
				GCC_WARN_ABOUT_RETURN_TYPE = YES_ERROR;
				GCC_WARN_UNDECLARED_SELECTOR = YES;
				GCC_WARN_UNINITIALIZED_AUTOS = YES_AGGRESSIVE;
				GCC_WARN_UNUSED_FUNCTION = YES;
				GCC_WARN_UNUSED_VARIABLE = YES;
				IPHONEOS_DEPLOYMENT_TARGET = 13.2;
				MTL_ENABLE_DEBUG_INFO = NO;
				MTL_FAST_MATH = YES;
				SDKROOT = iphoneos;
				SWIFT_COMPILATION_MODE = wholemodule;
				SWIFT_OPTIMIZATION_LEVEL = "-O";
				VALIDATE_PRODUCT = YES;
			};
			name = Release;
		};
		250D0ACF23B5C1BA001E1935 /* Debug */ = {
			isa = XCBuildConfiguration;
			buildSettings = {
				ASSETCATALOG_COMPILER_APPICON_NAME = AppIcon;
				CODE_SIGN_STYLE = Automatic;
				DEVELOPMENT_TEAM = STDTT6CHY7;
				INFOPLIST_FILE = ARuler/Info.plist;
				LD_RUNPATH_SEARCH_PATHS = (
					"$(inherited)",
					"@executable_path/Frameworks",
				);
				PRODUCT_BUNDLE_IDENTIFIER = com.adzguy.ARuler;
				PRODUCT_NAME = "$(TARGET_NAME)";
				SWIFT_VERSION = 5.0;
				TARGETED_DEVICE_FAMILY = "1,2";
			};
			name = Debug;
		};
		250D0AD023B5C1BA001E1935 /* Release */ = {
			isa = XCBuildConfiguration;
			buildSettings = {
				ASSETCATALOG_COMPILER_APPICON_NAME = AppIcon;
				CODE_SIGN_STYLE = Automatic;
				DEVELOPMENT_TEAM = STDTT6CHY7;
				INFOPLIST_FILE = ARuler/Info.plist;
				LD_RUNPATH_SEARCH_PATHS = (
					"$(inherited)",
					"@executable_path/Frameworks",
				);
				PRODUCT_BUNDLE_IDENTIFIER = com.adzguy.ARuler;
				PRODUCT_NAME = "$(TARGET_NAME)";
				SWIFT_VERSION = 5.0;
				TARGETED_DEVICE_FAMILY = "1,2";
			};
			name = Release;
		};
/* End XCBuildConfiguration section */

/* Begin XCConfigurationList section */
		250D0AB523B5C1B6001E1935 /* Build configuration list for PBXProject "ARuler" */ = {
			isa = XCConfigurationList;
			buildConfigurations = (
				250D0ACC23B5C1BA001E1935 /* Debug */,
				250D0ACD23B5C1BA001E1935 /* Release */,
			);
			defaultConfigurationIsVisible = 0;
			defaultConfigurationName = Release;
		};
		250D0ACE23B5C1BA001E1935 /* Build configuration list for PBXNativeTarget "ARuler" */ = {
			isa = XCConfigurationList;
			buildConfigurations = (
				250D0ACF23B5C1BA001E1935 /* Debug */,
				250D0AD023B5C1BA001E1935 /* Release */,
			);
			defaultConfigurationIsVisible = 0;
			defaultConfigurationName = Release;
		};
/* End XCConfigurationList section */
	};
	rootObject = 250D0AB223B5C1B6001E1935 /* Project object */;
}
